
Microsoft Visual Studio Solution File, Format Version 12.00
# Visual Studio Version 16
VisualStudioVersion = 16.0.29403.142
MinimumVisualStudioVersion = 10.0.40219.1
Project("{8BC9CEB8-8B4A-11D0-8D11-00A0C91BC942}") = "Robot", "Robot.vcxproj", "{3F8BFA85-DFF1-463E-B4EF-86913EF7A75D}"
EndProject
Project("{8BC9CEB8-8B4A-11D0-8D11-00A0C91BC942}") = "WeChatMain", "..\WeChatMain\WeChatMain.vcxproj", "{670BDC01-73A8-4947-8A34-60B24FC44E6A}"
EndProject
Global
	GlobalSection(SolutionConfigurationPlatforms) = preSolution
		Debug|x64 = Debug|x64
		Debug|x86 = Debug|x86
		Release|x64 = Release|x64
		Release|x86 = Release|x86
	EndGlobalSection
	GlobalSection(ProjectConfigurationPlatforms) = postSolution
		{3F8BFA85-DFF1-463E-B4EF-86913EF7A75D}.Debug|x64.ActiveCfg = Debug|x64
		{3F8BFA85-DFF1-463E-B4EF-86913EF7A75D}.Debug|x64.Build.0 = Debug|x64
		{3F8BFA85-DFF1-463E-B4EF-86913EF7A75D}.Debug|x86.ActiveCfg = Debug|Win32
		{3F8BFA85-DFF1-463E-B4EF-86913EF7A75D}.Debug|x86.Build.0 = Debug|Win32
		{3F8BFA85-DFF1-463E-B4EF-86913EF7A75D}.Release|x64.ActiveCfg = Release|x64
		{3F8BFA85-DFF1-463E-B4EF-86913EF7A75D}.Release|x64.Build.0 = Release|x64
		{3F8BFA85-DFF1-463E-B4EF-86913EF7A75D}.Release|x86.ActiveCfg = Release|Win32
		{3F8BFA85-DFF1-463E-B4EF-86913EF7A75D}.Release|x86.Build.0 = Release|Win32
		{670BDC01-73A8-4947-8A34-60B24FC44E6A}.Debug|x64.ActiveCfg = Debug|x64
		{670BDC01-73A8-4947-8A34-60B24FC44E6A}.Debug|x64.Build.0 = Debug|x64
		{670BDC01-73A8-4947-8A34-60B24FC44E6A}.Debug|x86.ActiveCfg = Debug|Win32
		{670BDC01-73A8-4947-8A34-60B24FC44E6A}.Debug|x86.Build.0 = Debug|Win32
		{670BDC01-73A8-4947-8A34-60B24FC44E6A}.Release|x64.ActiveCfg = Release|x64
		{670BDC01-73A8-4947-8A34-60B24FC44E6A}.Release|x64.Build.0 = Release|x64
		{670BDC01-73A8-4947-8A34-60B24FC44E6A}.Release|x86.ActiveCfg = Release|Win32
		{670BDC01-73A8-4947-8A34-60B24FC44E6A}.Release|x86.Build.0 = Release|Win32
	EndGlobalSection
	GlobalSection(SolutionProperties) = preSolution
		HideSolutionNode = FALSE
	EndGlobalSection
	GlobalSection(ExtensibilityGlobals) = postSolution
		SolutionGuid = {F2457FC1-0A00-4626-8A26-B52493A776BC}
	EndGlobalSection
EndGlobal
